// !$*UTF8*$!
{
	archiveVersion = 1;
	classes = {
	};
	objectVersion = 56;
	objects = {

/* Begin PBXBuildFile section */
		A11066122B1A0F2D00CE4B6D /* CounterTCAApp.swift in Sources */ = {isa = PBXBuildFile; fileRef = A11066112B1A0F2D00CE4B6D /* CounterTCAApp.swift */; };
		A11066142B1A0F2D00CE4B6D /* ContentView.swift in Sources */ = {isa = PBXBuildFile; fileRef = A11066132B1A0F2D00CE4B6D /* ContentView.swift */; };
		A11066162B1A0F2E00CE4B6D /* Assets.xcassets in Resources */ = {isa = PBXBuildFile; fileRef = A11066152B1A0F2E00CE4B6D /* Assets.xcassets */; };
		A11066192B1A0F2E00CE4B6D /* Preview Assets.xcassets in Resources */ = {isa = PBXBuildFile; fileRef = A11066182B1A0F2E00CE4B6D /* Preview Assets.xcassets */; };
		A11066232B1A0F2F00CE4B6D /* CounterTCATests.swift in Sources */ = {isa = PBXBuildFile; fileRef = A11066222B1A0F2F00CE4B6D /* CounterTCATests.swift */; };
		A110662D2B1A0F2F00CE4B6D /* CounterTCAUITests.swift in Sources */ = {isa = PBXBuildFile; fileRef = A110662C2B1A0F2F00CE4B6D /* CounterTCAUITests.swift */; };
		A110662F2B1A0F2F00CE4B6D /* CounterTCAUITestsLaunchTests.swift in Sources */ = {isa = PBXBuildFile; fileRef = A110662E2B1A0F2F00CE4B6D /* CounterTCAUITestsLaunchTests.swift */; };
/* End PBXBuildFile section */

/* Begin PBXContainerItemProxy section */
		A110661F2B1A0F2F00CE4B6D /* PBXContainerItemProxy */ = {
			isa = PBXContainerItemProxy;
			containerPortal = A11066062B1A0F2D00CE4B6D /* Project object */;
			proxyType = 1;
			remoteGlobalIDString = A110660D2B1A0F2D00CE4B6D;
			remoteInfo = CounterTCA;
		};
		A11066292B1A0F2F00CE4B6D /* PBXContainerItemProxy */ = {
			isa = PBXContainerItemProxy;
			containerPortal = A11066062B1A0F2D00CE4B6D /* Project object */;
			proxyType = 1;
			remoteGlobalIDString = A110660D2B1A0F2D00CE4B6D;
			remoteInfo = CounterTCA;
		};
/* End PBXContainerItemProxy section */

/* Begin PBXFileReference section */
		A110660E2B1A0F2D00CE4B6D /* CounterTCA.app */ = {isa = PBXFileReference; explicitFileType = wrapper.application; includeInIndex = 0; path = CounterTCA.app; sourceTree = BUILT_PRODUCTS_DIR; };
		A11066112B1A0F2D00CE4B6D /* CounterTCAApp.swift */ = {isa = PBXFileReference; lastKnownFileType = sourcecode.swift; path = CounterTCAApp.swift; sourceTree = "<group>"; };
		A11066132B1A0F2D00CE4B6D /* ContentView.swift */ = {isa = PBXFileReference; lastKnownFileType = sourcecode.swift; path = ContentView.swift; sourceTree = "<group>"; };
		A11066152B1A0F2E00CE4B6D /* Assets.xcassets */ = {isa = PBXFileReference; lastKnownFileType = folder.assetcatalog; path = Assets.xcassets; sourceTree = "<group>"; };
		A11066182B1A0F2E00CE4B6D /* Preview Assets.xcassets */ = {isa = PBXFileReference; lastKnownFileType = folder.assetcatalog; path = "Preview Assets.xcassets"; sourceTree = "<group>"; };
		A110661E2B1A0F2F00CE4B6D /* CounterTCATests.xctest */ = {isa = PBXFileReference; explicitFileType = wrapper.cfbundle; includeInIndex = 0; path = CounterTCATests.xctest; sourceTree = BUILT_PRODUCTS_DIR; };
		A11066222B1A0F2F00CE4B6D /* CounterTCATests.swift */ = {isa = PBXFileReference; lastKnownFileType = sourcecode.swift; path = CounterTCATests.swift; sourceTree = "<group>"; };
		A11066282B1A0F2F00CE4B6D /* CounterTCAUITests.xctest */ = {isa = PBXFileReference; explicitFileType = wrapper.cfbundle; includeInIndex = 0; path = CounterTCAUITests.xctest; sourceTree = BUILT_PRODUCTS_DIR; };
		A110662C2B1A0F2F00CE4B6D /* CounterTCAUITests.swift */ = {isa = PBXFileReference; lastKnownFileType = sourcecode.swift; path = CounterTCAUITests.swift; sourceTree = "<group>"; };
		A110662E2B1A0F2F00CE4B6D /* CounterTCAUITestsLaunchTests.swift */ = {isa = PBXFileReference; lastKnownFileType = sourcecode.swift; path = CounterTCAUITestsLaunchTests.swift; sourceTree = "<group>"; };
/* End PBXFileReference section */

/* Begin PBXFrameworksBuildPhase section */
		A110660B2B1A0F2D00CE4B6D /* Frameworks */ = {
			isa = PBXFrameworksBuildPhase;
			buildActionMask = 2147483647;
			files = (
			);
			runOnlyForDeploymentPostprocessing = 0;
		};
		A110661B2B1A0F2F00CE4B6D /* Frameworks */ = {
			isa = PBXFrameworksBuildPhase;
			buildActionMask = 2147483647;
			files = (
			);
			runOnlyForDeploymentPostprocessing = 0;
		};
		A11066252B1A0F2F00CE4B6D /* Frameworks */ = {
			isa = PBXFrameworksBuildPhase;
			buildActionMask = 2147483647;
			files = (
			);
			runOnlyForDeploymentPostprocessing = 0;
		};
/* End PBXFrameworksBuildPhase section */

/* Begin PBXGroup section */
		A11066052B1A0F2D00CE4B6D = {
			isa = PBXGroup;
			children = (
				A11066102B1A0F2D00CE4B6D /* CounterTCA */,
				A11066212B1A0F2F00CE4B6D /* CounterTCATests */,
				A110662B2B1A0F2F00CE4B6D /* CounterTCAUITests */,
				A110660F2B1A0F2D00CE4B6D /* Products */,
			);
			sourceTree = "<group>";
		};
		A110660F2B1A0F2D00CE4B6D /* Products */ = {
			isa = PBXGroup;
			children = (
				A110660E2B1A0F2D00CE4B6D /* CounterTCA.app */,
				A110661E2B1A0F2F00CE4B6D /* CounterTCATests.xctest */,
				A11066282B1A0F2F00CE4B6D /* CounterTCAUITests.xctest */,
			);
			name = Products;
			sourceTree = "<group>";
		};
		A11066102B1A0F2D00CE4B6D /* CounterTCA */ = {
			isa = PBXGroup;
			children = (
				A11066112B1A0F2D00CE4B6D /* CounterTCAApp.swift */,
				A11066132B1A0F2D00CE4B6D /* ContentView.swift */,
				A11066152B1A0F2E00CE4B6D /* Assets.xcassets */,
				A11066172B1A0F2E00CE4B6D /* Preview Content */,
			);
			path = CounterTCA;
			sourceTree = "<group>";
		};
		A11066172B1A0F2E00CE4B6D /* Preview Content */ = {
			isa = PBXGroup;
			children = (
				A11066182B1A0F2E00CE4B6D /* Preview Assets.xcassets */,
			);
			path = "Preview Content";
			sourceTree = "<group>";
		};
		A11066212B1A0F2F00CE4B6D /* CounterTCATests */ = {
			isa = PBXGroup;
			children = (
				A11066222B1A0F2F00CE4B6D /* CounterTCATests.swift */,
			);
			path = CounterTCATests;
			sourceTree = "<group>";
		};
		A110662B2B1A0F2F00CE4B6D /* CounterTCAUITests */ = {
			isa = PBXGroup;
			children = (
				A110662C2B1A0F2F00CE4B6D /* CounterTCAUITests.swift */,
				A110662E2B1A0F2F00CE4B6D /* CounterTCAUITestsLaunchTests.swift */,
			);
			path = CounterTCAUITests;
			sourceTree = "<group>";
		};
/* End PBXGroup section */

/* Begin PBXNativeTarget section */
		A110660D2B1A0F2D00CE4B6D /* CounterTCA */ = {
			isa = PBXNativeTarget;
			buildConfigurationList = A11066322B1A0F2F00CE4B6D /* Build configuration list for PBXNativeTarget "CounterTCA" */;
			buildPhases = (
				A110660A2B1A0F2D00CE4B6D /* Sources */,
				A110660B2B1A0F2D00CE4B6D /* Frameworks */,
				A110660C2B1A0F2D00CE4B6D /* Resources */,
			);
			buildRules = (
			);
			dependencies = (
			);
			name = CounterTCA;
			productName = CounterTCA;
			productReference = A110660E2B1A0F2D00CE4B6D /* CounterTCA.app */;
			productType = "com.apple.product-type.application";
		};
		A110661D2B1A0F2F00CE4B6D /* CounterTCATests */ = {
			isa = PBXNativeTarget;
			buildConfigurationList = A11066352B1A0F2F00CE4B6D /* Build configuration list for PBXNativeTarget "CounterTCATests" */;
			buildPhases = (
				A110661A2B1A0F2F00CE4B6D /* Sources */,
				A110661B2B1A0F2F00CE4B6D /* Frameworks */,
				A110661C2B1A0F2F00CE4B6D /* Resources */,
			);
			buildRules = (
			);
			dependencies = (
				A11066202B1A0F2F00CE4B6D /* PBXTargetDependency */,
			);
			name = CounterTCATests;
			productName = CounterTCATests;
			productReference = A110661E2B1A0F2F00CE4B6D /* CounterTCATests.xctest */;
			productType = "com.apple.product-type.bundle.unit-test";
		};
		A11066272B1A0F2F00CE4B6D /* CounterTCAUITests */ = {
			isa = PBXNativeTarget;
			buildConfigurationList = A11066382B1A0F2F00CE4B6D /* Build configuration list for PBXNativeTarget "CounterTCAUITests" */;
			buildPhases = (
				A11066242B1A0F2F00CE4B6D /* Sources */,
				A11066252B1A0F2F00CE4B6D /* Frameworks */,
				A11066262B1A0F2F00CE4B6D /* Resources */,
			);
			buildRules = (
			);
			dependencies = (
				A110662A2B1A0F2F00CE4B6D /* PBXTargetDependency */,
			);
			name = CounterTCAUITests;
			productName = CounterTCAUITests;
			productReference = A11066282B1A0F2F00CE4B6D /* CounterTCAUITests.xctest */;
			productType = "com.apple.product-type.bundle.ui-testing";
		};
/* End PBXNativeTarget section */

/* Begin PBXProject section */
		A11066062B1A0F2D00CE4B6D /* Project object */ = {
			isa = PBXProject;
			attributes = {
				BuildIndependentTargetsInParallel = 1;
				LastSwiftUpdateCheck = 1500;
				LastUpgradeCheck = 1500;
				TargetAttributes = {
					A110660D2B1A0F2D00CE4B6D = {
						CreatedOnToolsVersion = 15.0.1;
					};
					A110661D2B1A0F2F00CE4B6D = {
						CreatedOnToolsVersion = 15.0.1;
						TestTargetID = A110660D2B1A0F2D00CE4B6D;
					};
					A11066272B1A0F2F00CE4B6D = {
						CreatedOnToolsVersion = 15.0.1;
						TestTargetID = A110660D2B1A0F2D00CE4B6D;
					};
				};
			};
			buildConfigurationList = A11066092B1A0F2D00CE4B6D /* Build configuration list for PBXProject "CounterTCA" */;
			compatibilityVersion = "Xcode 14.0";
			developmentRegion = en;
			hasScannedForEncodings = 0;
			knownRegions = (
				en,
				Base,
			);
			mainGroup = A11066052B1A0F2D00CE4B6D;
			productRefGroup = A110660F2B1A0F2D00CE4B6D /* Products */;
			projectDirPath = "";
			projectRoot = "";
			targets = (
				A110660D2B1A0F2D00CE4B6D /* CounterTCA */,
				A110661D2B1A0F2F00CE4B6D /* CounterTCATests */,
				A11066272B1A0F2F00CE4B6D /* CounterTCAUITests */,
			);
		};
/* End PBXProject section */

/* Begin PBXResourcesBuildPhase section */
		A110660C2B1A0F2D00CE4B6D /* Resources */ = {
			isa = PBXResourcesBuildPhase;
			buildActionMask = 2147483647;
			files = (
				A11066192B1A0F2E00CE4B6D /* Preview Assets.xcassets in Resources */,
				A11066162B1A0F2E00CE4B6D /* Assets.xcassets in Resources */,
			);
			runOnlyForDeploymentPostprocessing = 0;
		};
		A110661C2B1A0F2F00CE4B6D /* Resources */ = {
			isa = PBXResourcesBuildPhase;
			buildActionMask = 2147483647;
			files = (
			);
			runOnlyForDeploymentPostprocessing = 0;
		};
		A11066262B1A0F2F00CE4B6D /* Resources */ = {
			isa = PBXResourcesBuildPhase;
			buildActionMask = 2147483647;
			files = (
			);
			runOnlyForDeploymentPostprocessing = 0;
		};
/* End PBXResourcesBuildPhase section */

/* Begin PBXSourcesBuildPhase section */
		A110660A2B1A0F2D00CE4B6D /* Sources */ = {
			isa = PBXSourcesBuildPhase;
			buildActionMask = 2147483647;
			files = (
				A11066142B1A0F2D00CE4B6D /* ContentView.swift in Sources */,
				A11066122B1A0F2D00CE4B6D /* CounterTCAApp.swift in Sources */,
			);
			runOnlyForDeploymentPostprocessing = 0;
		};
		A110661A2B1A0F2F00CE4B6D /* Sources */ = {
			isa = PBXSourcesBuildPhase;
			buildActionMask = 2147483647;
			files = (
				A11066232B1A0F2F00CE4B6D /* CounterTCATests.swift in Sources */,
			);
			runOnlyForDeploymentPostprocessing = 0;
		};
		A11066242B1A0F2F00CE4B6D /* Sources */ = {
			isa = PBXSourcesBuildPhase;
			buildActionMask = 2147483647;
			files = (
				A110662F2B1A0F2F00CE4B6D /* CounterTCAUITestsLaunchTests.swift in Sources */,
				A110662D2B1A0F2F00CE4B6D /* CounterTCAUITests.swift in Sources */,
			);
			runOnlyForDeploymentPostprocessing = 0;
		};
/* End PBXSourcesBuildPhase section */

/* Begin PBXTargetDependency section */
		A11066202B1A0F2F00CE4B6D /* PBXTargetDependency */ = {
			isa = PBXTargetDependency;
			target = A110660D2B1A0F2D00CE4B6D /* CounterTCA */;
			targetProxy = A110661F2B1A0F2F00CE4B6D /* PBXContainerItemProxy */;
		};
		A110662A2B1A0F2F00CE4B6D /* PBXTargetDependency */ = {
			isa = PBXTargetDependency;
			target = A110660D2B1A0F2D00CE4B6D /* CounterTCA */;
			targetProxy = A11066292B1A0F2F00CE4B6D /* PBXContainerItemProxy */;
		};
/* End PBXTargetDependency section */

/* Begin XCBuildConfiguration section */
		A11066302B1A0F2F00CE4B6D /* Debug */ = {
			isa = XCBuildConfiguration;
			buildSettings = {
				ALWAYS_SEARCH_USER_PATHS = NO;
				ASSETCATALOG_COMPILER_GENERATE_SWIFT_ASSET_SYMBOL_EXTENSIONS = YES;
				CLANG_ANALYZER_NONNULL = YES;
				CLANG_ANALYZER_NUMBER_OBJECT_CONVERSION = YES_AGGRESSIVE;
				CLANG_CXX_LANGUAGE_STANDARD = "gnu++20";
				CLANG_ENABLE_MODULES = YES;
				CLANG_ENABLE_OBJC_ARC = YES;
				CLANG_ENABLE_OBJC_WEAK = YES;
				CLANG_WARN_BLOCK_CAPTURE_AUTORELEASING = YES;
				CLANG_WARN_BOOL_CONVERSION = YES;
				CLANG_WARN_COMMA = YES;
				CLANG_WARN_CONSTANT_CONVERSION = YES;
				CLANG_WARN_DEPRECATED_OBJC_IMPLEMENTATIONS = YES;
				CLANG_WARN_DIRECT_OBJC_ISA_USAGE = YES_ERROR;
				CLANG_WARN_DOCUMENTATION_COMMENTS = YES;
				CLANG_WARN_EMPTY_BODY = YES;
				CLANG_WARN_ENUM_CONVERSION = YES;
				CLANG_WARN_INFINITE_RECURSION = YES;
				CLANG_WARN_INT_CONVERSION = YES;
				CLANG_WARN_NON_LITERAL_NULL_CONVERSION = YES;
				CLANG_WARN_OBJC_IMPLICIT_RETAIN_SELF = YES;
				CLANG_WARN_OBJC_LITERAL_CONVERSION = YES;
				CLANG_WARN_OBJC_ROOT_CLASS = YES_ERROR;
				CLANG_WARN_QUOTED_INCLUDE_IN_FRAMEWORK_HEADER = YES;
				CLANG_WARN_RANGE_LOOP_ANALYSIS = YES;
				CLANG_WARN_STRICT_PROTOTYPES = YES;
				CLANG_WARN_SUSPICIOUS_MOVE = YES;
				CLANG_WARN_UNGUARDED_AVAILABILITY = YES_AGGRESSIVE;
				CLANG_WARN_UNREACHABLE_CODE = YES;
				CLANG_WARN__DUPLICATE_METHOD_MATCH = YES;
				COPY_PHASE_STRIP = NO;
				DEBUG_INFORMATION_FORMAT = dwarf;
				ENABLE_STRICT_OBJC_MSGSEND = YES;
				ENABLE_TESTABILITY = YES;
				ENABLE_USER_SCRIPT_SANDBOXING = YES;
				GCC_C_LANGUAGE_STANDARD = gnu17;
				GCC_DYNAMIC_NO_PIC = NO;
				GCC_NO_COMMON_BLOCKS = YES;
				GCC_OPTIMIZATION_LEVEL = 0;
				GCC_PREPROCESSOR_DEFINITIONS = (
					"DEBUG=1",
					"$(inherited)",
				);
				GCC_WARN_64_TO_32_BIT_CONVERSION = YES;
				GCC_WARN_ABOUT_RETURN_TYPE = YES_ERROR;
				GCC_WARN_UNDECLARED_SELECTOR = YES;
				GCC_WARN_UNINITIALIZED_AUTOS = YES_AGGRESSIVE;
				GCC_WARN_UNUSED_FUNCTION = YES;
				GCC_WARN_UNUSED_VARIABLE = YES;
				IPHONEOS_DEPLOYMENT_TARGET = 17.0;
				LOCALIZATION_PREFERS_STRING_CATALOGS = YES;
				MTL_ENABLE_DEBUG_INFO = INCLUDE_SOURCE;
				MTL_FAST_MATH = YES;
				ONLY_ACTIVE_ARCH = YES;
				SDKROOT = iphoneos;
				SWIFT_ACTIVE_COMPILATION_CONDITIONS = "DEBUG $(inherited)";
				SWIFT_OPTIMIZATION_LEVEL = "-Onone";
			};
			name = Debug;
		};
		A11066312B1A0F2F00CE4B6D /* Release */ = {
			isa = XCBuildConfiguration;
			buildSettings = {
				ALWAYS_SEARCH_USER_PATHS = NO;
				ASSETCATALOG_COMPILER_GENERATE_SWIFT_ASSET_SYMBOL_EXTENSIONS = YES;
				CLANG_ANALYZER_NONNULL = YES;
				CLANG_ANALYZER_NUMBER_OBJECT_CONVERSION = YES_AGGRESSIVE;
				CLANG_CXX_LANGUAGE_STANDARD = "gnu++20";
				CLANG_ENABLE_MODULES = YES;
				CLANG_ENABLE_OBJC_ARC = YES;
				CLANG_ENABLE_OBJC_WEAK = YES;
				CLANG_WARN_BLOCK_CAPTURE_AUTORELEASING = YES;
				CLANG_WARN_BOOL_CONVERSION = YES;
				CLANG_WARN_COMMA = YES;
				CLANG_WARN_CONSTANT_CONVERSION = YES;
				CLANG_WARN_DEPRECATED_OBJC_IMPLEMENTATIONS = YES;
				CLANG_WARN_DIRECT_OBJC_ISA_USAGE = YES_ERROR;
				CLANG_WARN_DOCUMENTATION_COMMENTS = YES;
				CLANG_WARN_EMPTY_BODY = YES;
				CLANG_WARN_ENUM_CONVERSION = YES;
				CLANG_WARN_INFINITE_RECURSION = YES;
				CLANG_WARN_INT_CONVERSION = YES;
				CLANG_WARN_NON_LITERAL_NULL_CONVERSION = YES;
				CLANG_WARN_OBJC_IMPLICIT_RETAIN_SELF = YES;
				CLANG_WARN_OBJC_LITERAL_CONVERSION = YES;
				CLANG_WARN_OBJC_ROOT_CLASS = YES_ERROR;
				CLANG_WARN_QUOTED_INCLUDE_IN_FRAMEWORK_HEADER = YES;
				CLANG_WARN_RANGE_LOOP_ANALYSIS = YES;
				CLANG_WARN_STRICT_PROTOTYPES = YES;
				CLANG_WARN_SUSPICIOUS_MOVE = YES;
				CLANG_WARN_UNGUARDED_AVAILABILITY = YES_AGGRESSIVE;
				CLANG_WARN_UNREACHABLE_CODE = YES;
				CLANG_WARN__DUPLICATE_METHOD_MATCH = YES;
				COPY_PHASE_STRIP = NO;
				DEBUG_INFORMATION_FORMAT = "dwarf-with-dsym";
				ENABLE_NS_ASSERTIONS = NO;
				ENABLE_STRICT_OBJC_MSGSEND = YES;
				ENABLE_USER_SCRIPT_SANDBOXING = YES;
				GCC_C_LANGUAGE_STANDARD = gnu17;
				GCC_NO_COMMON_BLOCKS = YES;
				GCC_WARN_64_TO_32_BIT_CONVERSION = YES;
				GCC_WARN_ABOUT_RETURN_TYPE = YES_ERROR;
				GCC_WARN_UNDECLARED_SELECTOR = YES;
				GCC_WARN_UNINITIALIZED_AUTOS = YES_AGGRESSIVE;
				GCC_WARN_UNUSED_FUNCTION = YES;
				GCC_WARN_UNUSED_VARIABLE = YES;
				IPHONEOS_DEPLOYMENT_TARGET = 17.0;
				LOCALIZATION_PREFERS_STRING_CATALOGS = YES;
				MTL_ENABLE_DEBUG_INFO = NO;
				MTL_FAST_MATH = YES;
				SDKROOT = iphoneos;
				SWIFT_COMPILATION_MODE = wholemodule;
				VALIDATE_PRODUCT = YES;
			};
			name = Release;
		};
		A11066332B1A0F2F00CE4B6D /* Debug */ = {
			isa = XCBuildConfiguration;
			buildSettings = {
				ASSETCATALOG_COMPILER_APPICON_NAME = AppIcon;
				ASSETCATALOG_COMPILER_GLOBAL_ACCENT_COLOR_NAME = AccentColor;
				CODE_SIGN_STYLE = Automatic;
				CURRENT_PROJECT_VERSION = 1;
				DEVELOPMENT_ASSET_PATHS = "\"CounterTCA/Preview Content\"";
				DEVELOPMENT_TEAM = 29QRCNRYL3;
				ENABLE_PREVIEWS = YES;
				GENERATE_INFOPLIST_FILE = YES;
				INFOPLIST_KEY_UIApplicationSceneManifest_Generation = YES;
				INFOPLIST_KEY_UIApplicationSupportsIndirectInputEvents = YES;
				INFOPLIST_KEY_UILaunchScreen_Generation = YES;
				INFOPLIST_KEY_UISupportedInterfaceOrientations_iPad = "UIInterfaceOrientationPortrait UIInterfaceOrientationPortraitUpsideDown UIInterfaceOrientationLandscapeLeft UIInterfaceOrientationLandscapeRight";
				INFOPLIST_KEY_UISupportedInterfaceOrientations_iPhone = "UIInterfaceOrientationPortrait UIInterfaceOrientationLandscapeLeft UIInterfaceOrientationLandscapeRight";
				LD_RUNPATH_SEARCH_PATHS = (
					"$(inherited)",
					"@executable_path/Frameworks",
				);
				MARKETING_VERSION = 1.0;
				PRODUCT_BUNDLE_IDENTIFIER = me.RyanGallagher.CounterTCA;
				PRODUCT_NAME = "$(TARGET_NAME)";
				SWIFT_EMIT_LOC_STRINGS = YES;
				SWIFT_VERSION = 5.0;
				TARGETED_DEVICE_FAMILY = "1,2";
			};
			name = Debug;
		};
		A11066342B1A0F2F00CE4B6D /* Release */ = {
			isa = XCBuildConfiguration;
			buildSettings = {
				ASSETCATALOG_COMPILER_APPICON_NAME = AppIcon;
				ASSETCATALOG_COMPILER_GLOBAL_ACCENT_COLOR_NAME = AccentColor;
				CODE_SIGN_STYLE = Automatic;
				CURRENT_PROJECT_VERSION = 1;
				DEVELOPMENT_ASSET_PATHS = "\"CounterTCA/Preview Content\"";
				DEVELOPMENT_TEAM = 29QRCNRYL3;
				ENABLE_PREVIEWS = YES;
				GENERATE_INFOPLIST_FILE = YES;
				INFOPLIST_KEY_UIApplicationSceneManifest_Generation = YES;
				INFOPLIST_KEY_UIApplicationSupportsIndirectInputEvents = YES;
				INFOPLIST_KEY_UILaunchScreen_Generation = YES;
				INFOPLIST_KEY_UISupportedInterfaceOrientations_iPad = "UIInterfaceOrientationPortrait UIInterfaceOrientationPortraitUpsideDown UIInterfaceOrientationLandscapeLeft UIInterfaceOrientationLandscapeRight";
				INFOPLIST_KEY_UISupportedInterfaceOrientations_iPhone = "UIInterfaceOrientationPortrait UIInterfaceOrientationLandscapeLeft UIInterfaceOrientationLandscapeRight";
				LD_RUNPATH_SEARCH_PATHS = (
					"$(inherited)",
					"@executable_path/Frameworks",
				);
				MARKETING_VERSION = 1.0;
				PRODUCT_BUNDLE_IDENTIFIER = me.RyanGallagher.CounterTCA;
				PRODUCT_NAME = "$(TARGET_NAME)";
				SWIFT_EMIT_LOC_STRINGS = YES;
				SWIFT_VERSION = 5.0;
				TARGETED_DEVICE_FAMILY = "1,2";
			};
			name = Release;
		};
		A11066362B1A0F2F00CE4B6D /* Debug */ = {
			isa = XCBuildConfiguration;
			buildSettings = {
				ALWAYS_EMBED_SWIFT_STANDARD_LIBRARIES = YES;
				BUNDLE_LOADER = "$(TEST_HOST)";
				CODE_SIGN_STYLE = Automatic;
				CURRENT_PROJECT_VERSION = 1;
				DEVELOPMENT_TEAM = 29QRCNRYL3;
				GENERATE_INFOPLIST_FILE = YES;
				IPHONEOS_DEPLOYMENT_TARGET = 17.0;
				MARKETING_VERSION = 1.0;
				PRODUCT_BUNDLE_IDENTIFIER = me.RyanGallagher.CounterTCATests;
				PRODUCT_NAME = "$(TARGET_NAME)";
				SWIFT_EMIT_LOC_STRINGS = NO;
				SWIFT_VERSION = 5.0;
				TARGETED_DEVICE_FAMILY = "1,2";
				TEST_HOST = "$(BUILT_PRODUCTS_DIR)/CounterTCA.app/$(BUNDLE_EXECUTABLE_FOLDER_PATH)/CounterTCA";
			};
			name = Debug;
		};
		A11066372B1A0F2F00CE4B6D /* Release */ = {
			isa = XCBuildConfiguration;
			buildSettings = {
				ALWAYS_EMBED_SWIFT_STANDARD_LIBRARIES = YES;
				BUNDLE_LOADER = "$(TEST_HOST)";
				CODE_SIGN_STYLE = Automatic;
				CURRENT_PROJECT_VERSION = 1;
				DEVELOPMENT_TEAM = 29QRCNRYL3;
				GENERATE_INFOPLIST_FILE = YES;
				IPHONEOS_DEPLOYMENT_TARGET = 17.0;
				MARKETING_VERSION = 1.0;
				PRODUCT_BUNDLE_IDENTIFIER = me.RyanGallagher.CounterTCATests;
				PRODUCT_NAME = "$(TARGET_NAME)";
				SWIFT_EMIT_LOC_STRINGS = NO;
				SWIFT_VERSION = 5.0;
				TARGETED_DEVICE_FAMILY = "1,2";
				TEST_HOST = "$(BUILT_PRODUCTS_DIR)/CounterTCA.app/$(BUNDLE_EXECUTABLE_FOLDER_PATH)/CounterTCA";
			};
			name = Release;
		};
		A11066392B1A0F2F00CE4B6D /* Debug */ = {
			isa = XCBuildConfiguration;
			buildSettings = {
				ALWAYS_EMBED_SWIFT_STANDARD_LIBRARIES = YES;
				CODE_SIGN_STYLE = Automatic;
				CURRENT_PROJECT_VERSION = 1;
				DEVELOPMENT_TEAM = 29QRCNRYL3;
				GENERATE_INFOPLIST_FILE = YES;
				MARKETING_VERSION = 1.0;
				PRODUCT_BUNDLE_IDENTIFIER = me.RyanGallagher.CounterTCAUITests;
				PRODUCT_NAME = "$(TARGET_NAME)";
				SWIFT_EMIT_LOC_STRINGS = NO;
				SWIFT_VERSION = 5.0;
				TARGETED_DEVICE_FAMILY = "1,2";
				TEST_TARGET_NAME = CounterTCA;
			};
			name = Debug;
		};
		A110663A2B1A0F2F00CE4B6D /* Release */ = {
			isa = XCBuildConfiguration;
			buildSettings = {
				ALWAYS_EMBED_SWIFT_STANDARD_LIBRARIES = YES;
				CODE_SIGN_STYLE = Automatic;
				CURRENT_PROJECT_VERSION = 1;
				DEVELOPMENT_TEAM = 29QRCNRYL3;
				GENERATE_INFOPLIST_FILE = YES;
				MARKETING_VERSION = 1.0;
				PRODUCT_BUNDLE_IDENTIFIER = me.RyanGallagher.CounterTCAUITests;
				PRODUCT_NAME = "$(TARGET_NAME)";
				SWIFT_EMIT_LOC_STRINGS = NO;
				SWIFT_VERSION = 5.0;
				TARGETED_DEVICE_FAMILY = "1,2";
				TEST_TARGET_NAME = CounterTCA;
			};
			name = Release;
		};
/* End XCBuildConfiguration section */

/* Begin XCConfigurationList section */
		A11066092B1A0F2D00CE4B6D /* Build configuration list for PBXProject "CounterTCA" */ = {
			isa = XCConfigurationList;
			buildConfigurations = (
				A11066302B1A0F2F00CE4B6D /* Debug */,
				A11066312B1A0F2F00CE4B6D /* Release */,
			);
			defaultConfigurationIsVisible = 0;
			defaultConfigurationName = Release;
		};
		A11066322B1A0F2F00CE4B6D /* Build configuration list for PBXNativeTarget "CounterTCA" */ = {
			isa = XCConfigurationList;
			buildConfigurations = (
				A11066332B1A0F2F00CE4B6D /* Debug */,
				A11066342B1A0F2F00CE4B6D /* Release */,
			);
			defaultConfigurationIsVisible = 0;
			defaultConfigurationName = Release;
		};
		A11066352B1A0F2F00CE4B6D /* Build configuration list for PBXNativeTarget "CounterTCATests" */ = {
			isa = XCConfigurationList;
			buildConfigurations = (
				A11066362B1A0F2F00CE4B6D /* Debug */,
				A11066372B1A0F2F00CE4B6D /* Release */,
			);
			defaultConfigurationIsVisible = 0;
			defaultConfigurationName = Release;
		};
		A11066382B1A0F2F00CE4B6D /* Build configuration list for PBXNativeTarget "CounterTCAUITests" */ = {
			isa = XCConfigurationList;
			buildConfigurations = (
				A11066392B1A0F2F00CE4B6D /* Debug */,
				A110663A2B1A0F2F00CE4B6D /* Release */,
			);
			defaultConfigurationIsVisible = 0;
			defaultConfigurationName = Release;
		};
/* End XCConfigurationList section */
	};
	rootObject = A11066062B1A0F2D00CE4B6D /* Project object */;
}
